// !$*UTF8*$!
{
	archiveVersion = 1;
	classes = {
	};
	objectVersion = 46;
	objects = {

/* Begin PBXBuildFile section */
		127861C11E1A297300D64F16 /* LFHomeViewController.swift in Sources */ = {isa = PBXBuildFile; fileRef = 127861C01E1A297300D64F16 /* LFHomeViewController.swift */; };
		127861C91E1A298900D64F16 /* LFHeaderTableViewCell.swift in Sources */ = {isa = PBXBuildFile; fileRef = 127861C31E1A298900D64F16 /* LFHeaderTableViewCell.swift */; };
		127861CA1E1A298900D64F16 /* LFHeaderTableViewCell.xib in Resources */ = {isa = PBXBuildFile; fileRef = 127861C41E1A298900D64F16 /* LFHeaderTableViewCell.xib */; };
		127861CB1E1A298900D64F16 /* LFHomeCenterTableViewCell.swift in Sources */ = {isa = PBXBuildFile; fileRef = 127861C51E1A298900D64F16 /* LFHomeCenterTableViewCell.swift */; };
		127861CC1E1A298900D64F16 /* LFHomeCenterTableViewCell.xib in Resources */ = {isa = PBXBuildFile; fileRef = 127861C61E1A298900D64F16 /* LFHomeCenterTableViewCell.xib */; };
		127861CD1E1A298900D64F16 /* LFHomeFooterTableViewCell.swift in Sources */ = {isa = PBXBuildFile; fileRef = 127861C71E1A298900D64F16 /* LFHomeFooterTableViewCell.swift */; };
		127861CE1E1A298900D64F16 /* LFHomeFooterTableViewCell.xib in Resources */ = {isa = PBXBuildFile; fileRef = 127861C81E1A298900D64F16 /* LFHomeFooterTableViewCell.xib */; };
		127861D41E1A29A900D64F16 /* LFFoodItemsListTableViewCell.swift in Sources */ = {isa = PBXBuildFile; fileRef = 127861D21E1A29A900D64F16 /* LFFoodItemsListTableViewCell.swift */; };
		127861D51E1A29A900D64F16 /* LFFoodItemsListTableViewCell.xib in Resources */ = {isa = PBXBuildFile; fileRef = 127861D31E1A29A900D64F16 /* LFFoodItemsListTableViewCell.xib */; };
		127861D91E1A29E400D64F16 /* LoginViewController.swift in Sources */ = {isa = PBXBuildFile; fileRef = 127861D81E1A29E400D64F16 /* LoginViewController.swift */; };
		127861DE1E1A2A0200D64F16 /* CXButton.swift in Sources */ = {isa = PBXBuildFile; fileRef = 127861DB1E1A2A0200D64F16 /* CXButton.swift */; };
		127861DF1E1A2A0200D64F16 /* CXView.swift in Sources */ = {isa = PBXBuildFile; fileRef = 127861DC1E1A2A0200D64F16 /* CXView.swift */; };
		127861E01E1A2A0200D64F16 /* CXTextField.swift in Sources */ = {isa = PBXBuildFile; fileRef = 127861DD1E1A2A0200D64F16 /* CXTextField.swift */; };
		12FCB7CF1E1E4A3700433645 /* LFSignUpViewController.swift in Sources */ = {isa = PBXBuildFile; fileRef = 12FCB7CE1E1E4A3700433645 /* LFSignUpViewController.swift */; };
		12FCB7D11E1E540700433645 /* LFFoodDetailViewController.swift in Sources */ = {isa = PBXBuildFile; fileRef = 12FCB7D01E1E540700433645 /* LFFoodDetailViewController.swift */; };
		1809BE481E16364E00888D34 /* UIColor+colors.swift in Sources */ = {isa = PBXBuildFile; fileRef = 1809BE471E16364E00888D34 /* UIColor+colors.swift */; };
		1809BE4A1E163E6F00888D34 /* NSMutableArray+array.swift in Sources */ = {isa = PBXBuildFile; fileRef = 1809BE491E163E6F00888D34 /* NSMutableArray+array.swift */; };
		1809BE4F1E1641DA00888D34 /* FBSDKCoreKit.framework in Frameworks */ = {isa = PBXBuildFile; fileRef = 1809BE4C1E1641DA00888D34 /* FBSDKCoreKit.framework */; };
		1809BE501E1641DA00888D34 /* FBSDKLoginKit.framework in Frameworks */ = {isa = PBXBuildFile; fileRef = 1809BE4D1E1641DA00888D34 /* FBSDKLoginKit.framework */; };
		1809BE511E1641DA00888D34 /* FBSDKShareKit.framework in Frameworks */ = {isa = PBXBuildFile; fileRef = 1809BE4E1E1641DA00888D34 /* FBSDKShareKit.framework */; };
		18160CE01E14EB0F00C2E5AE /* AppDelegate.swift in Sources */ = {isa = PBXBuildFile; fileRef = 18160CDF1E14EB0F00C2E5AE /* AppDelegate.swift */; };
		18160CE21E14EB0F00C2E5AE /* ViewController.swift in Sources */ = {isa = PBXBuildFile; fileRef = 18160CE11E14EB0F00C2E5AE /* ViewController.swift */; };
		18160CE51E14EB0F00C2E5AE /* Main.storyboard in Resources */ = {isa = PBXBuildFile; fileRef = 18160CE31E14EB0F00C2E5AE /* Main.storyboard */; };
		18160CE81E14EB0F00C2E5AE /* Lefoodie.xcdatamodeld in Sources */ = {isa = PBXBuildFile; fileRef = 18160CE61E14EB0F00C2E5AE /* Lefoodie.xcdatamodeld */; };
		18160CEA1E14EB0F00C2E5AE /* Assets.xcassets in Resources */ = {isa = PBXBuildFile; fileRef = 18160CE91E14EB0F00C2E5AE /* Assets.xcassets */; };
		18160CED1E14EB0F00C2E5AE /* LaunchScreen.storyboard in Resources */ = {isa = PBXBuildFile; fileRef = 18160CEB1E14EB0F00C2E5AE /* LaunchScreen.storyboard */; };
		18160CF81E14EB1000C2E5AE /* LefoodieTests.swift in Sources */ = {isa = PBXBuildFile; fileRef = 18160CF71E14EB1000C2E5AE /* LefoodieTests.swift */; };
		18160D031E14EB1000C2E5AE /* LefoodieUITests.swift in Sources */ = {isa = PBXBuildFile; fileRef = 18160D021E14EB1000C2E5AE /* LefoodieUITests.swift */; };
		1825CCB01E1B769D00CD3C3B /* CXAlbumView.swift in Sources */ = {isa = PBXBuildFile; fileRef = 1825CCA61E1B769D00CD3C3B /* CXAlbumView.swift */; };
		1825CCB11E1B769D00CD3C3B /* CXAlbumView.xib in Resources */ = {isa = PBXBuildFile; fileRef = 1825CCA71E1B769D00CD3C3B /* CXAlbumView.xib */; };
		1825CCB21E1B769D00CD3C3B /* CXCameraSourceViewController.swift in Sources */ = {isa = PBXBuildFile; fileRef = 1825CCA81E1B769D00CD3C3B /* CXCameraSourceViewController.swift */; };
		1825CCB31E1B769D00CD3C3B /* CXCameraSourceViewController.xib in Resources */ = {isa = PBXBuildFile; fileRef = 1825CCA91E1B769D00CD3C3B /* CXCameraSourceViewController.xib */; };
		1825CCB41E1B769D00CD3C3B /* CXAlbumCollectionViewCell.swift in Sources */ = {isa = PBXBuildFile; fileRef = 1825CCAA1E1B769D00CD3C3B /* CXAlbumCollectionViewCell.swift */; };
		1825CCB51E1B769D00CD3C3B /* CXAlbumCollectionViewCell.xib in Resources */ = {isa = PBXBuildFile; fileRef = 1825CCAB1E1B769D00CD3C3B /* CXAlbumCollectionViewCell.xib */; };
		1825CCB61E1B769D00CD3C3B /* CXCameraConstants.swift in Sources */ = {isa = PBXBuildFile; fileRef = 1825CCAC1E1B769D00CD3C3B /* CXCameraConstants.swift */; };
		1825CCB71E1B769D00CD3C3B /* CXCameraView.swift in Sources */ = {isa = PBXBuildFile; fileRef = 1825CCAD1E1B769D00CD3C3B /* CXCameraView.swift */; };
		1825CCB81E1B769D00CD3C3B /* CXCameraView.xib in Resources */ = {isa = PBXBuildFile; fileRef = 1825CCAE1E1B769D00CD3C3B /* CXCameraView.xib */; };
		1825CCB91E1B769D00CD3C3B /* CXMainScreenScrollViewCustomization.swift in Sources */ = {isa = PBXBuildFile; fileRef = 1825CCAF1E1B769D00CD3C3B /* CXMainScreenScrollViewCustomization.swift */; };
		1825CCBB1E1B76DF00CD3C3B /* LFTabCameraViewController.swift in Sources */ = {isa = PBXBuildFile; fileRef = 1825CCBA1E1B76DF00CD3C3B /* LFTabCameraViewController.swift */; };
		1825CCD61E1BE94D00CD3C3B /* LFUserProfileViewController.swift in Sources */ = {isa = PBXBuildFile; fileRef = 1825CCD51E1BE94D00CD3C3B /* LFUserProfileViewController.swift */; };
		1825CCDD1E1BE97300CD3C3B /* LFFavouritesCollectionViewCell.swift in Sources */ = {isa = PBXBuildFile; fileRef = 1825CCD71E1BE97300CD3C3B /* LFFavouritesCollectionViewCell.swift */; };
		1825CCDE1E1BE97300CD3C3B /* LFFavouritesCollectionViewCell.xib in Resources */ = {isa = PBXBuildFile; fileRef = 1825CCD81E1BE97300CD3C3B /* LFFavouritesCollectionViewCell.xib */; };
		1825CCDF1E1BE97300CD3C3B /* LFFavouriteViewController.swift in Sources */ = {isa = PBXBuildFile; fileRef = 1825CCD91E1BE97300CD3C3B /* LFFavouriteViewController.swift */; };
		1825CCE01E1BE97300CD3C3B /* LFPhotoCollectionViewCell.swift in Sources */ = {isa = PBXBuildFile; fileRef = 1825CCDA1E1BE97300CD3C3B /* LFPhotoCollectionViewCell.swift */; };
		1825CCE11E1BE97300CD3C3B /* LFPhotoCollectionViewCell.xib in Resources */ = {isa = PBXBuildFile; fileRef = 1825CCDB1E1BE97300CD3C3B /* LFPhotoCollectionViewCell.xib */; };
		1825CCE21E1BE97300CD3C3B /* LFPhotosViewController.swift in Sources */ = {isa = PBXBuildFile; fileRef = 1825CCDC1E1BE97300CD3C3B /* LFPhotosViewController.swift */; };
		1825CCE41E1BE98B00CD3C3B /* CAPSPageMenu.swift in Sources */ = {isa = PBXBuildFile; fileRef = 1825CCE31E1BE98B00CD3C3B /* CAPSPageMenu.swift */; };
		1835655F1E166D1500E7A531 /* NSDate+date.swift in Sources */ = {isa = PBXBuildFile; fileRef = 1835655E1E166D1500E7A531 /* NSDate+date.swift */; };
		183FBCC11E1A2F9500A0A8CC /* CXImageView.swift in Sources */ = {isa = PBXBuildFile; fileRef = 183FBCC01E1A2F9500A0A8CC /* CXImageView.swift */; };
		183FBCC41E1A48A300A0A8CC /* LFTabHomeController.swift in Sources */ = {isa = PBXBuildFile; fileRef = 183FBCC31E1A48A300A0A8CC /* LFTabHomeController.swift */; };
		183FBCC61E1A597E00A0A8CC /* LFNotificationController.swift in Sources */ = {isa = PBXBuildFile; fileRef = 183FBCC51E1A597E00A0A8CC /* LFNotificationController.swift */; };
		183FBCD11E1A843C00A0A8CC /* GoogleService-Info.plist in Resources */ = {isa = PBXBuildFile; fileRef = 183FBCD01E1A843B00A0A8CC /* GoogleService-Info.plist */; };
		183FBCD51E1A88A100A0A8CC /* FBSDKCoreKit.framework in Frameworks */ = {isa = PBXBuildFile; fileRef = 183FBCD21E1A88A100A0A8CC /* FBSDKCoreKit.framework */; };
		183FBCD61E1A88A100A0A8CC /* FBSDKLoginKit.framework in Frameworks */ = {isa = PBXBuildFile; fileRef = 183FBCD31E1A88A100A0A8CC /* FBSDKLoginKit.framework */; };
		183FBCD71E1A88A100A0A8CC /* FBSDKShareKit.framework in Frameworks */ = {isa = PBXBuildFile; fileRef = 183FBCD41E1A88A100A0A8CC /* FBSDKShareKit.framework */; };
		185FAF641E1E4D43009479A3 /* NavBarExtension.swift in Sources */ = {isa = PBXBuildFile; fileRef = 185FAF631E1E4D43009479A3 /* NavBarExtension.swift */; };
		187039B11E1D398D00D6668B /* LFSearchViewController.swift in Sources */ = {isa = PBXBuildFile; fileRef = 187039B01E1D398D00D6668B /* LFSearchViewController.swift */; };
		187039B31E1D399400D6668B /* LFSearchPlacesViewController.swift in Sources */ = {isa = PBXBuildFile; fileRef = 187039B21E1D399400D6668B /* LFSearchPlacesViewController.swift */; };
		187039B51E1D399900D6668B /* LFNearByCollectionViewCell.swift in Sources */ = {isa = PBXBuildFile; fileRef = 187039B41E1D399900D6668B /* LFNearByCollectionViewCell.swift */; };
		187039B71E1D399F00D6668B /* LFFoodieViewController.swift in Sources */ = {isa = PBXBuildFile; fileRef = 187039B61E1D399F00D6668B /* LFFoodieViewController.swift */; };
		187039B91E1D39A300D6668B /* LFFoodiesTableViewCell.swift in Sources */ = {isa = PBXBuildFile; fileRef = 187039B81E1D39A300D6668B /* LFFoodiesTableViewCell.swift */; };
		187039BB1E1D39A700D6668B /* LFMapInstance.swift in Sources */ = {isa = PBXBuildFile; fileRef = 187039BA1E1D39A700D6668B /* LFMapInstance.swift */; };
		1896A5CB1E154A1C008530A4 /* String+StringOperation.swift in Sources */ = {isa = PBXBuildFile; fileRef = 1896A5CA1E154A1C008530A4 /* String+StringOperation.swift */; };
		18F179461E1CC305001EDF45 /* LFChooseLocationTableViewCell.swift in Sources */ = {isa = PBXBuildFile; fileRef = 18F1793F1E1CC305001EDF45 /* LFChooseLocationTableViewCell.swift */; };
		18F179471E1CC305001EDF45 /* LFChooseLocationTableViewCell.xib in Resources */ = {isa = PBXBuildFile; fileRef = 18F179401E1CC305001EDF45 /* LFChooseLocationTableViewCell.xib */; };
		18F179481E1CC305001EDF45 /* LFShareFoodiePicViewController.swift in Sources */ = {isa = PBXBuildFile; fileRef = 18F179411E1CC305001EDF45 /* LFShareFoodiePicViewController.swift */; };
		18F179491E1CC305001EDF45 /* LFSharePostTableViewCell.swift in Sources */ = {isa = PBXBuildFile; fileRef = 18F179421E1CC305001EDF45 /* LFSharePostTableViewCell.swift */; };
		18F1794A1E1CC305001EDF45 /* LFSharePostTableViewCell.xib in Resources */ = {isa = PBXBuildFile; fileRef = 18F179431E1CC305001EDF45 /* LFSharePostTableViewCell.xib */; };
		18F1794B1E1CC305001EDF45 /* LFSocialShareTableViewCell.swift in Sources */ = {isa = PBXBuildFile; fileRef = 18F179441E1CC305001EDF45 /* LFSocialShareTableViewCell.swift */; };
		18F1794C1E1CC305001EDF45 /* LFSocialShareTableViewCell.xib in Resources */ = {isa = PBXBuildFile; fileRef = 18F179451E1CC305001EDF45 /* LFSocialShareTableViewCell.xib */; };
		18F1794E1E1CC31B001EDF45 /* PhotoShare.storyboard in Resources */ = {isa = PBXBuildFile; fileRef = 18F1794D1E1CC31B001EDF45 /* PhotoShare.storyboard */; };
		18F179521E1CD45F001EDF45 /* CXAppConfig.swift in Sources */ = {isa = PBXBuildFile; fileRef = 18F179501E1CD45F001EDF45 /* CXAppConfig.swift */; };
		18F179531E1CD45F001EDF45 /* CXProjectConfiguration.plist in Resources */ = {isa = PBXBuildFile; fileRef = 18F179511E1CD45F001EDF45 /* CXProjectConfiguration.plist */; };
		18F179561E1CDE9C001EDF45 /* pacifico.regular.ttf in Resources */ = {isa = PBXBuildFile; fileRef = 18F179551E1CDE80001EDF45 /* pacifico.regular.ttf */; };
		6D3BC397C9AA07D711A0D7A5 /* Pods_LefoodieTests.framework in Frameworks */ = {isa = PBXBuildFile; fileRef = 5BBF967781F69DF74A4D7ABD /* Pods_LefoodieTests.framework */; };
		8963159F15E90B2F6A1AD755 /* Pods_Lefoodie.framework in Frameworks */ = {isa = PBXBuildFile; fileRef = 14A665E483A1285F4F8B2C0E /* Pods_Lefoodie.framework */; };
		D15A66049790A24B5FB537DE /* Pods_LefoodieUITests.framework in Frameworks */ = {isa = PBXBuildFile; fileRef = 1FD9364D23EA69D99DA4EA8B /* Pods_LefoodieUITests.framework */; };
/* End PBXBuildFile section */

/* Begin PBXContainerItemProxy section */
		18160CF41E14EB1000C2E5AE /* PBXContainerItemProxy */ = {
			isa = PBXContainerItemProxy;
			containerPortal = 18160CD41E14EB0F00C2E5AE /* Project object */;
			proxyType = 1;
			remoteGlobalIDString = 18160CDB1E14EB0F00C2E5AE;
			remoteInfo = Lefoodie;
		};
		18160CFF1E14EB1000C2E5AE /* PBXContainerItemProxy */ = {
			isa = PBXContainerItemProxy;
			containerPortal = 18160CD41E14EB0F00C2E5AE /* Project object */;
			proxyType = 1;
			remoteGlobalIDString = 18160CDB1E14EB0F00C2E5AE;
			remoteInfo = Lefoodie;
		};
/* End PBXContainerItemProxy section */

/* Begin PBXFileReference section */
		127861C01E1A297300D64F16 /* LFHomeViewController.swift */ = {isa = PBXFileReference; fileEncoding = 4; lastKnownFileType = sourcecode.swift; path = LFHomeViewController.swift; sourceTree = "<group>"; };
		127861C31E1A298900D64F16 /* LFHeaderTableViewCell.swift */ = {isa = PBXFileReference; fileEncoding = 4; lastKnownFileType = sourcecode.swift; path = LFHeaderTableViewCell.swift; sourceTree = "<group>"; };
		127861C41E1A298900D64F16 /* LFHeaderTableViewCell.xib */ = {isa = PBXFileReference; fileEncoding = 4; lastKnownFileType = file.xib; path = LFHeaderTableViewCell.xib; sourceTree = "<group>"; };
		127861C51E1A298900D64F16 /* LFHomeCenterTableViewCell.swift */ = {isa = PBXFileReference; fileEncoding = 4; lastKnownFileType = sourcecode.swift; path = LFHomeCenterTableViewCell.swift; sourceTree = "<group>"; };
		127861C61E1A298900D64F16 /* LFHomeCenterTableViewCell.xib */ = {isa = PBXFileReference; fileEncoding = 4; lastKnownFileType = file.xib; path = LFHomeCenterTableViewCell.xib; sourceTree = "<group>"; };
		127861C71E1A298900D64F16 /* LFHomeFooterTableViewCell.swift */ = {isa = PBXFileReference; fileEncoding = 4; lastKnownFileType = sourcecode.swift; path = LFHomeFooterTableViewCell.swift; sourceTree = "<group>"; };
		127861C81E1A298900D64F16 /* LFHomeFooterTableViewCell.xib */ = {isa = PBXFileReference; fileEncoding = 4; lastKnownFileType = file.xib; path = LFHomeFooterTableViewCell.xib; sourceTree = "<group>"; };
		127861D21E1A29A900D64F16 /* LFFoodItemsListTableViewCell.swift */ = {isa = PBXFileReference; fileEncoding = 4; lastKnownFileType = sourcecode.swift; path = LFFoodItemsListTableViewCell.swift; sourceTree = "<group>"; };
		127861D31E1A29A900D64F16 /* LFFoodItemsListTableViewCell.xib */ = {isa = PBXFileReference; fileEncoding = 4; lastKnownFileType = file.xib; path = LFFoodItemsListTableViewCell.xib; sourceTree = "<group>"; };
		127861D81E1A29E400D64F16 /* LoginViewController.swift */ = {isa = PBXFileReference; fileEncoding = 4; lastKnownFileType = sourcecode.swift; path = LoginViewController.swift; sourceTree = "<group>"; };
		127861DB1E1A2A0200D64F16 /* CXButton.swift */ = {isa = PBXFileReference; fileEncoding = 4; lastKnownFileType = sourcecode.swift; path = CXButton.swift; sourceTree = "<group>"; };
		127861DC1E1A2A0200D64F16 /* CXView.swift */ = {isa = PBXFileReference; fileEncoding = 4; lastKnownFileType = sourcecode.swift; path = CXView.swift; sourceTree = "<group>"; };
		127861DD1E1A2A0200D64F16 /* CXTextField.swift */ = {isa = PBXFileReference; fileEncoding = 4; lastKnownFileType = sourcecode.swift; path = CXTextField.swift; sourceTree = "<group>"; };
		12FCB7CE1E1E4A3700433645 /* LFSignUpViewController.swift */ = {isa = PBXFileReference; fileEncoding = 4; lastKnownFileType = sourcecode.swift; path = LFSignUpViewController.swift; sourceTree = "<group>"; };
		12FCB7D01E1E540700433645 /* LFFoodDetailViewController.swift */ = {isa = PBXFileReference; fileEncoding = 4; lastKnownFileType = sourcecode.swift; path = LFFoodDetailViewController.swift; sourceTree = "<group>"; };
		14A665E483A1285F4F8B2C0E /* Pods_Lefoodie.framework */ = {isa = PBXFileReference; explicitFileType = wrapper.framework; includeInIndex = 0; path = Pods_Lefoodie.framework; sourceTree = BUILT_PRODUCTS_DIR; };
		1809BE471E16364E00888D34 /* UIColor+colors.swift */ = {isa = PBXFileReference; fileEncoding = 4; lastKnownFileType = sourcecode.swift; path = "UIColor+colors.swift"; sourceTree = "<group>"; };
		1809BE491E163E6F00888D34 /* NSMutableArray+array.swift */ = {isa = PBXFileReference; fileEncoding = 4; lastKnownFileType = sourcecode.swift; path = "NSMutableArray+array.swift"; sourceTree = "<group>"; };
		1809BE4C1E1641DA00888D34 /* FBSDKCoreKit.framework */ = {isa = PBXFileReference; lastKnownFileType = wrapper.framework; path = FBSDKCoreKit.framework; sourceTree = "<group>"; };
		1809BE4D1E1641DA00888D34 /* FBSDKLoginKit.framework */ = {isa = PBXFileReference; lastKnownFileType = wrapper.framework; path = FBSDKLoginKit.framework; sourceTree = "<group>"; };
		1809BE4E1E1641DA00888D34 /* FBSDKShareKit.framework */ = {isa = PBXFileReference; lastKnownFileType = wrapper.framework; path = FBSDKShareKit.framework; sourceTree = "<group>"; };
		18160CDC1E14EB0F00C2E5AE /* Lefoodie.app */ = {isa = PBXFileReference; explicitFileType = wrapper.application; includeInIndex = 0; path = Lefoodie.app; sourceTree = BUILT_PRODUCTS_DIR; };
		18160CDF1E14EB0F00C2E5AE /* AppDelegate.swift */ = {isa = PBXFileReference; lastKnownFileType = sourcecode.swift; path = AppDelegate.swift; sourceTree = "<group>"; };
		18160CE11E14EB0F00C2E5AE /* ViewController.swift */ = {isa = PBXFileReference; lastKnownFileType = sourcecode.swift; path = ViewController.swift; sourceTree = "<group>"; };
		18160CE41E14EB0F00C2E5AE /* Base */ = {isa = PBXFileReference; lastKnownFileType = file.storyboard; name = Base; path = Base.lproj/Main.storyboard; sourceTree = "<group>"; };
		18160CE71E14EB0F00C2E5AE /* Lefoodie.xcdatamodel */ = {isa = PBXFileReference; lastKnownFileType = wrapper.xcdatamodel; path = Lefoodie.xcdatamodel; sourceTree = "<group>"; };
		18160CE91E14EB0F00C2E5AE /* Assets.xcassets */ = {isa = PBXFileReference; lastKnownFileType = folder.assetcatalog; path = Assets.xcassets; sourceTree = "<group>"; };
		18160CEC1E14EB0F00C2E5AE /* Base */ = {isa = PBXFileReference; lastKnownFileType = file.storyboard; name = Base; path = Base.lproj/LaunchScreen.storyboard; sourceTree = "<group>"; };
		18160CEE1E14EB0F00C2E5AE /* Info.plist */ = {isa = PBXFileReference; lastKnownFileType = text.plist.xml; path = Info.plist; sourceTree = "<group>"; };
		18160CF31E14EB1000C2E5AE /* LefoodieTests.xctest */ = {isa = PBXFileReference; explicitFileType = wrapper.cfbundle; includeInIndex = 0; path = LefoodieTests.xctest; sourceTree = BUILT_PRODUCTS_DIR; };
		18160CF71E14EB1000C2E5AE /* LefoodieTests.swift */ = {isa = PBXFileReference; lastKnownFileType = sourcecode.swift; path = LefoodieTests.swift; sourceTree = "<group>"; };
		18160CF91E14EB1000C2E5AE /* Info.plist */ = {isa = PBXFileReference; lastKnownFileType = text.plist.xml; path = Info.plist; sourceTree = "<group>"; };
		18160CFE1E14EB1000C2E5AE /* LefoodieUITests.xctest */ = {isa = PBXFileReference; explicitFileType = wrapper.cfbundle; includeInIndex = 0; path = LefoodieUITests.xctest; sourceTree = BUILT_PRODUCTS_DIR; };
		18160D021E14EB1000C2E5AE /* LefoodieUITests.swift */ = {isa = PBXFileReference; lastKnownFileType = sourcecode.swift; path = LefoodieUITests.swift; sourceTree = "<group>"; };
		18160D041E14EB1000C2E5AE /* Info.plist */ = {isa = PBXFileReference; lastKnownFileType = text.plist.xml; path = Info.plist; sourceTree = "<group>"; };
		1825CCA61E1B769D00CD3C3B /* CXAlbumView.swift */ = {isa = PBXFileReference; fileEncoding = 4; lastKnownFileType = sourcecode.swift; path = CXAlbumView.swift; sourceTree = "<group>"; };
		1825CCA71E1B769D00CD3C3B /* CXAlbumView.xib */ = {isa = PBXFileReference; fileEncoding = 4; lastKnownFileType = file.xib; path = CXAlbumView.xib; sourceTree = "<group>"; };
		1825CCA81E1B769D00CD3C3B /* CXCameraSourceViewController.swift */ = {isa = PBXFileReference; fileEncoding = 4; lastKnownFileType = sourcecode.swift; path = CXCameraSourceViewController.swift; sourceTree = "<group>"; };
		1825CCA91E1B769D00CD3C3B /* CXCameraSourceViewController.xib */ = {isa = PBXFileReference; fileEncoding = 4; lastKnownFileType = file.xib; path = CXCameraSourceViewController.xib; sourceTree = "<group>"; };
		1825CCAA1E1B769D00CD3C3B /* CXAlbumCollectionViewCell.swift */ = {isa = PBXFileReference; fileEncoding = 4; lastKnownFileType = sourcecode.swift; path = CXAlbumCollectionViewCell.swift; sourceTree = "<group>"; };
		1825CCAB1E1B769D00CD3C3B /* CXAlbumCollectionViewCell.xib */ = {isa = PBXFileReference; fileEncoding = 4; lastKnownFileType = file.xib; path = CXAlbumCollectionViewCell.xib; sourceTree = "<group>"; };
		1825CCAC1E1B769D00CD3C3B /* CXCameraConstants.swift */ = {isa = PBXFileReference; fileEncoding = 4; lastKnownFileType = sourcecode.swift; path = CXCameraConstants.swift; sourceTree = "<group>"; };
		1825CCAD1E1B769D00CD3C3B /* CXCameraView.swift */ = {isa = PBXFileReference; fileEncoding = 4; lastKnownFileType = sourcecode.swift; path = CXCameraView.swift; sourceTree = "<group>"; };
		1825CCAE1E1B769D00CD3C3B /* CXCameraView.xib */ = {isa = PBXFileReference; fileEncoding = 4; lastKnownFileType = file.xib; path = CXCameraView.xib; sourceTree = "<group>"; };
		1825CCAF1E1B769D00CD3C3B /* CXMainScreenScrollViewCustomization.swift */ = {isa = PBXFileReference; fileEncoding = 4; lastKnownFileType = sourcecode.swift; path = CXMainScreenScrollViewCustomization.swift; sourceTree = "<group>"; };
		1825CCBA1E1B76DF00CD3C3B /* LFTabCameraViewController.swift */ = {isa = PBXFileReference; fileEncoding = 4; lastKnownFileType = sourcecode.swift; path = LFTabCameraViewController.swift; sourceTree = "<group>"; };
		1825CCD51E1BE94D00CD3C3B /* LFUserProfileViewController.swift */ = {isa = PBXFileReference; fileEncoding = 4; lastKnownFileType = sourcecode.swift; path = LFUserProfileViewController.swift; sourceTree = "<group>"; };
		1825CCD71E1BE97300CD3C3B /* LFFavouritesCollectionViewCell.swift */ = {isa = PBXFileReference; fileEncoding = 4; lastKnownFileType = sourcecode.swift; path = LFFavouritesCollectionViewCell.swift; sourceTree = "<group>"; };
		1825CCD81E1BE97300CD3C3B /* LFFavouritesCollectionViewCell.xib */ = {isa = PBXFileReference; fileEncoding = 4; lastKnownFileType = file.xib; path = LFFavouritesCollectionViewCell.xib; sourceTree = "<group>"; };
		1825CCD91E1BE97300CD3C3B /* LFFavouriteViewController.swift */ = {isa = PBXFileReference; fileEncoding = 4; lastKnownFileType = sourcecode.swift; path = LFFavouriteViewController.swift; sourceTree = "<group>"; };
		1825CCDA1E1BE97300CD3C3B /* LFPhotoCollectionViewCell.swift */ = {isa = PBXFileReference; fileEncoding = 4; lastKnownFileType = sourcecode.swift; path = LFPhotoCollectionViewCell.swift; sourceTree = "<group>"; };
		1825CCDB1E1BE97300CD3C3B /* LFPhotoCollectionViewCell.xib */ = {isa = PBXFileReference; fileEncoding = 4; lastKnownFileType = file.xib; path = LFPhotoCollectionViewCell.xib; sourceTree = "<group>"; };
		1825CCDC1E1BE97300CD3C3B /* LFPhotosViewController.swift */ = {isa = PBXFileReference; fileEncoding = 4; lastKnownFileType = sourcecode.swift; path = LFPhotosViewController.swift; sourceTree = "<group>"; };
		1825CCE31E1BE98B00CD3C3B /* CAPSPageMenu.swift */ = {isa = PBXFileReference; fileEncoding = 4; lastKnownFileType = sourcecode.swift; path = CAPSPageMenu.swift; sourceTree = "<group>"; };
		1835655E1E166D1500E7A531 /* NSDate+date.swift */ = {isa = PBXFileReference; fileEncoding = 4; lastKnownFileType = sourcecode.swift; path = "NSDate+date.swift"; sourceTree = "<group>"; };
		183FBCC01E1A2F9500A0A8CC /* CXImageView.swift */ = {isa = PBXFileReference; fileEncoding = 4; lastKnownFileType = sourcecode.swift; path = CXImageView.swift; sourceTree = "<group>"; };
		183FBCC31E1A48A300A0A8CC /* LFTabHomeController.swift */ = {isa = PBXFileReference; fileEncoding = 4; lastKnownFileType = sourcecode.swift; path = LFTabHomeController.swift; sourceTree = "<group>"; };
		183FBCC51E1A597E00A0A8CC /* LFNotificationController.swift */ = {isa = PBXFileReference; fileEncoding = 4; lastKnownFileType = sourcecode.swift; path = LFNotificationController.swift; sourceTree = "<group>"; };
		183FBCD01E1A843B00A0A8CC /* GoogleService-Info.plist */ = {isa = PBXFileReference; fileEncoding = 4; lastKnownFileType = text.plist.xml; path = "GoogleService-Info.plist"; sourceTree = "<group>"; };
		183FBCD21E1A88A100A0A8CC /* FBSDKCoreKit.framework */ = {isa = PBXFileReference; lastKnownFileType = wrapper.framework; path = FBSDKCoreKit.framework; sourceTree = "<group>"; };
		183FBCD31E1A88A100A0A8CC /* FBSDKLoginKit.framework */ = {isa = PBXFileReference; lastKnownFileType = wrapper.framework; path = FBSDKLoginKit.framework; sourceTree = "<group>"; };
		183FBCD41E1A88A100A0A8CC /* FBSDKShareKit.framework */ = {isa = PBXFileReference; lastKnownFileType = wrapper.framework; path = FBSDKShareKit.framework; sourceTree = "<group>"; };
		185FAF631E1E4D43009479A3 /* NavBarExtension.swift */ = {isa = PBXFileReference; fileEncoding = 4; lastKnownFileType = sourcecode.swift; path = NavBarExtension.swift; sourceTree = "<group>"; };
		187039B01E1D398D00D6668B /* LFSearchViewController.swift */ = {isa = PBXFileReference; fileEncoding = 4; lastKnownFileType = sourcecode.swift; path = LFSearchViewController.swift; sourceTree = "<group>"; };
		187039B21E1D399400D6668B /* LFSearchPlacesViewController.swift */ = {isa = PBXFileReference; fileEncoding = 4; lastKnownFileType = sourcecode.swift; path = LFSearchPlacesViewController.swift; sourceTree = "<group>"; };
		187039B41E1D399900D6668B /* LFNearByCollectionViewCell.swift */ = {isa = PBXFileReference; fileEncoding = 4; lastKnownFileType = sourcecode.swift; path = LFNearByCollectionViewCell.swift; sourceTree = "<group>"; };
		187039B61E1D399F00D6668B /* LFFoodieViewController.swift */ = {isa = PBXFileReference; fileEncoding = 4; lastKnownFileType = sourcecode.swift; path = LFFoodieViewController.swift; sourceTree = "<group>"; };
		187039B81E1D39A300D6668B /* LFFoodiesTableViewCell.swift */ = {isa = PBXFileReference; fileEncoding = 4; lastKnownFileType = sourcecode.swift; path = LFFoodiesTableViewCell.swift; sourceTree = "<group>"; };
		187039BA1E1D39A700D6668B /* LFMapInstance.swift */ = {isa = PBXFileReference; fileEncoding = 4; lastKnownFileType = sourcecode.swift; path = LFMapInstance.swift; sourceTree = "<group>"; };
		1896A5CA1E154A1C008530A4 /* String+StringOperation.swift */ = {isa = PBXFileReference; fileEncoding = 4; lastKnownFileType = sourcecode.swift; path = "String+StringOperation.swift"; sourceTree = "<group>"; };
		18F1793F1E1CC305001EDF45 /* LFChooseLocationTableViewCell.swift */ = {isa = PBXFileReference; fileEncoding = 4; lastKnownFileType = sourcecode.swift; path = LFChooseLocationTableViewCell.swift; sourceTree = "<group>"; };
		18F179401E1CC305001EDF45 /* LFChooseLocationTableViewCell.xib */ = {isa = PBXFileReference; fileEncoding = 4; lastKnownFileType = file.xib; path = LFChooseLocationTableViewCell.xib; sourceTree = "<group>"; };
		18F179411E1CC305001EDF45 /* LFShareFoodiePicViewController.swift */ = {isa = PBXFileReference; fileEncoding = 4; lastKnownFileType = sourcecode.swift; path = LFShareFoodiePicViewController.swift; sourceTree = "<group>"; };
		18F179421E1CC305001EDF45 /* LFSharePostTableViewCell.swift */ = {isa = PBXFileReference; fileEncoding = 4; lastKnownFileType = sourcecode.swift; path = LFSharePostTableViewCell.swift; sourceTree = "<group>"; };
		18F179431E1CC305001EDF45 /* LFSharePostTableViewCell.xib */ = {isa = PBXFileReference; fileEncoding = 4; lastKnownFileType = file.xib; path = LFSharePostTableViewCell.xib; sourceTree = "<group>"; };
		18F179441E1CC305001EDF45 /* LFSocialShareTableViewCell.swift */ = {isa = PBXFileReference; fileEncoding = 4; lastKnownFileType = sourcecode.swift; path = LFSocialShareTableViewCell.swift; sourceTree = "<group>"; };
		18F179451E1CC305001EDF45 /* LFSocialShareTableViewCell.xib */ = {isa = PBXFileReference; fileEncoding = 4; lastKnownFileType = file.xib; path = LFSocialShareTableViewCell.xib; sourceTree = "<group>"; };
		18F1794D1E1CC31B001EDF45 /* PhotoShare.storyboard */ = {isa = PBXFileReference; fileEncoding = 4; lastKnownFileType = file.storyboard; path = PhotoShare.storyboard; sourceTree = "<group>"; };
		18F179501E1CD45F001EDF45 /* CXAppConfig.swift */ = {isa = PBXFileReference; fileEncoding = 4; lastKnownFileType = sourcecode.swift; path = CXAppConfig.swift; sourceTree = "<group>"; };
		18F179511E1CD45F001EDF45 /* CXProjectConfiguration.plist */ = {isa = PBXFileReference; fileEncoding = 4; lastKnownFileType = text.plist.xml; path = CXProjectConfiguration.plist; sourceTree = "<group>"; };
		18F179551E1CDE80001EDF45 /* pacifico.regular.ttf */ = {isa = PBXFileReference; lastKnownFileType = file; path = pacifico.regular.ttf; sourceTree = "<group>"; };
		1FD9364D23EA69D99DA4EA8B /* Pods_LefoodieUITests.framework */ = {isa = PBXFileReference; explicitFileType = wrapper.framework; includeInIndex = 0; path = Pods_LefoodieUITests.framework; sourceTree = BUILT_PRODUCTS_DIR; };
		2393DEFDC034ED998D5344DB /* Pods-LefoodieUITests.debug.xcconfig */ = {isa = PBXFileReference; includeInIndex = 1; lastKnownFileType = text.xcconfig; name = "Pods-LefoodieUITests.debug.xcconfig"; path = "Pods/Target Support Files/Pods-LefoodieUITests/Pods-LefoodieUITests.debug.xcconfig"; sourceTree = "<group>"; };
		419E6FA99BC0A310A978AAFC /* Pods-Lefoodie.release.xcconfig */ = {isa = PBXFileReference; includeInIndex = 1; lastKnownFileType = text.xcconfig; name = "Pods-Lefoodie.release.xcconfig"; path = "Pods/Target Support Files/Pods-Lefoodie/Pods-Lefoodie.release.xcconfig"; sourceTree = "<group>"; };
		5BBF967781F69DF74A4D7ABD /* Pods_LefoodieTests.framework */ = {isa = PBXFileReference; explicitFileType = wrapper.framework; includeInIndex = 0; path = Pods_LefoodieTests.framework; sourceTree = BUILT_PRODUCTS_DIR; };
		C82DD560931090B6D6967142 /* Pods-LefoodieTests.debug.xcconfig */ = {isa = PBXFileReference; includeInIndex = 1; lastKnownFileType = text.xcconfig; name = "Pods-LefoodieTests.debug.xcconfig"; path = "Pods/Target Support Files/Pods-LefoodieTests/Pods-LefoodieTests.debug.xcconfig"; sourceTree = "<group>"; };
		D4898037BB40B65495C52B5A /* Pods-Lefoodie.debug.xcconfig */ = {isa = PBXFileReference; includeInIndex = 1; lastKnownFileType = text.xcconfig; name = "Pods-Lefoodie.debug.xcconfig"; path = "Pods/Target Support Files/Pods-Lefoodie/Pods-Lefoodie.debug.xcconfig"; sourceTree = "<group>"; };
		D5BA1014DDBE2C7B7D965FD0 /* Pods-LefoodieTests.release.xcconfig */ = {isa = PBXFileReference; includeInIndex = 1; lastKnownFileType = text.xcconfig; name = "Pods-LefoodieTests.release.xcconfig"; path = "Pods/Target Support Files/Pods-LefoodieTests/Pods-LefoodieTests.release.xcconfig"; sourceTree = "<group>"; };
		DEB4A3827E1FED991ADC680B /* Pods-LefoodieUITests.release.xcconfig */ = {isa = PBXFileReference; includeInIndex = 1; lastKnownFileType = text.xcconfig; name = "Pods-LefoodieUITests.release.xcconfig"; path = "Pods/Target Support Files/Pods-LefoodieUITests/Pods-LefoodieUITests.release.xcconfig"; sourceTree = "<group>"; };
/* End PBXFileReference section */

/* Begin PBXFrameworksBuildPhase section */
		18160CD91E14EB0F00C2E5AE /* Frameworks */ = {
			isa = PBXFrameworksBuildPhase;
			buildActionMask = 2147483647;
			files = (
				183FBCD51E1A88A100A0A8CC /* FBSDKCoreKit.framework in Frameworks */,
				1809BE511E1641DA00888D34 /* FBSDKShareKit.framework in Frameworks */,
				183FBCD61E1A88A100A0A8CC /* FBSDKLoginKit.framework in Frameworks */,
				183FBCD71E1A88A100A0A8CC /* FBSDKShareKit.framework in Frameworks */,
				8963159F15E90B2F6A1AD755 /* Pods_Lefoodie.framework in Frameworks */,
				1809BE4F1E1641DA00888D34 /* FBSDKCoreKit.framework in Frameworks */,
				1809BE501E1641DA00888D34 /* FBSDKLoginKit.framework in Frameworks */,
			);
			runOnlyForDeploymentPostprocessing = 0;
		};
		18160CF01E14EB1000C2E5AE /* Frameworks */ = {
			isa = PBXFrameworksBuildPhase;
			buildActionMask = 2147483647;
			files = (
				6D3BC397C9AA07D711A0D7A5 /* Pods_LefoodieTests.framework in Frameworks */,
			);
			runOnlyForDeploymentPostprocessing = 0;
		};
		18160CFB1E14EB1000C2E5AE /* Frameworks */ = {
			isa = PBXFrameworksBuildPhase;
			buildActionMask = 2147483647;
			files = (
				D15A66049790A24B5FB537DE /* Pods_LefoodieUITests.framework in Frameworks */,
			);
			runOnlyForDeploymentPostprocessing = 0;
		};
/* End PBXFrameworksBuildPhase section */

/* Begin PBXGroup section */
		127861BF1E1A295700D64F16 /* Home */ = {
			isa = PBXGroup;
			children = (
				127861C01E1A297300D64F16 /* LFHomeViewController.swift */,
			);
			name = Home;
			sourceTree = "<group>";
		};
		127861C21E1A297A00D64F16 /* Home */ = {
			isa = PBXGroup;
			children = (
				127861C31E1A298900D64F16 /* LFHeaderTableViewCell.swift */,
				127861C41E1A298900D64F16 /* LFHeaderTableViewCell.xib */,
				127861C51E1A298900D64F16 /* LFHomeCenterTableViewCell.swift */,
				127861C61E1A298900D64F16 /* LFHomeCenterTableViewCell.xib */,
				127861C71E1A298900D64F16 /* LFHomeFooterTableViewCell.swift */,
				127861C81E1A298900D64F16 /* LFHomeFooterTableViewCell.xib */,
			);
			name = Home;
			sourceTree = "<group>";
		};
		127861CF1E1A299400D64F16 /* Search */ = {
			isa = PBXGroup;
			children = (
				187039B81E1D39A300D6668B /* LFFoodiesTableViewCell.swift */,
				187039BA1E1D39A700D6668B /* LFMapInstance.swift */,
				187039B61E1D399F00D6668B /* LFFoodieViewController.swift */,
				187039B41E1D399900D6668B /* LFNearByCollectionViewCell.swift */,
				187039B21E1D399400D6668B /* LFSearchPlacesViewController.swift */,
				187039B01E1D398D00D6668B /* LFSearchViewController.swift */,
			);
			name = Search;
			sourceTree = "<group>";
		};
		127861D61E1A29AB00D64F16 /* Search */ = {
			isa = PBXGroup;
			children = (
				127861D21E1A29A900D64F16 /* LFFoodItemsListTableViewCell.swift */,
				127861D31E1A29A900D64F16 /* LFFoodItemsListTableViewCell.xib */,
			);
			name = Search;
			sourceTree = "<group>";
		};
		127861D71E1A29D600D64F16 /* Login */ = {
			isa = PBXGroup;
			children = (
				127861D81E1A29E400D64F16 /* LoginViewController.swift */,
			);
			name = Login;
			sourceTree = "<group>";
		};
		127861DA1E1A29EC00D64F16 /* Others */ = {
			isa = PBXGroup;
			children = (
				1825CCE31E1BE98B00CD3C3B /* CAPSPageMenu.swift */,
				127861DB1E1A2A0200D64F16 /* CXButton.swift */,
				127861DC1E1A2A0200D64F16 /* CXView.swift */,
				127861DD1E1A2A0200D64F16 /* CXTextField.swift */,
				183FBCC01E1A2F9500A0A8CC /* CXImageView.swift */,
			);
			name = Others;
			sourceTree = "<group>";
		};
		1809BE4B1E1641BE00888D34 /* Other */ = {
			isa = PBXGroup;
			children = (
				1809BE4C1E1641DA00888D34 /* FBSDKCoreKit.framework */,
				1809BE4D1E1641DA00888D34 /* FBSDKLoginKit.framework */,
				1809BE4E1E1641DA00888D34 /* FBSDKShareKit.framework */,
			);
			name = Other;
			path = Lefoodie;
			sourceTree = "<group>";
		};
		18160CD31E14EB0F00C2E5AE = {
			isa = PBXGroup;
			children = (
				18160CDE1E14EB0F00C2E5AE /* Lefoodie */,
				1809BE4B1E1641BE00888D34 /* Other */,
				18160CF61E14EB1000C2E5AE /* LefoodieTests */,
				18160D011E14EB1000C2E5AE /* LefoodieUITests */,
				18160CDD1E14EB0F00C2E5AE /* Products */,
				F280C9F5E7FBF4249A5126EC /* Pods */,
				1AF90FF33FE1F0D20ED29765 /* Frameworks */,
			);
			sourceTree = "<group>";
		};
		18160CDD1E14EB0F00C2E5AE /* Products */ = {
			isa = PBXGroup;
			children = (
				18160CDC1E14EB0F00C2E5AE /* Lefoodie.app */,
				18160CF31E14EB1000C2E5AE /* LefoodieTests.xctest */,
				18160CFE1E14EB1000C2E5AE /* LefoodieUITests.xctest */,
			);
			name = Products;
			sourceTree = "<group>";
		};
		18160CDE1E14EB0F00C2E5AE /* Lefoodie */ = {
			isa = PBXGroup;
			children = (
				183FBCC91E1A83CE00A0A8CC /* Social */,
				127861DA1E1A29EC00D64F16 /* Others */,
				1896A5C71E154650008530A4 /* Extensions */,
				1896A5C61E153F32008530A4 /* Controllers */,
				1896A5C51E153F2B008530A4 /* View */,
				1896A5C41E153F26008530A4 /* Model */,
				18F179541E1CDE6D001EDF45 /* Font */,
				18160CDF1E14EB0F00C2E5AE /* AppDelegate.swift */,
				18160CE11E14EB0F00C2E5AE /* ViewController.swift */,
				18160CE31E14EB0F00C2E5AE /* Main.storyboard */,
				18F1794D1E1CC31B001EDF45 /* PhotoShare.storyboard */,
				18160CE91E14EB0F00C2E5AE /* Assets.xcassets */,
				18160CEB1E14EB0F00C2E5AE /* LaunchScreen.storyboard */,
				18160CEE1E14EB0F00C2E5AE /* Info.plist */,
				18160CE61E14EB0F00C2E5AE /* Lefoodie.xcdatamodeld */,
			);
			path = Lefoodie;
			sourceTree = "<group>";
		};
		18160CF61E14EB1000C2E5AE /* LefoodieTests */ = {
			isa = PBXGroup;
			children = (
				18160CF71E14EB1000C2E5AE /* LefoodieTests.swift */,
				18160CF91E14EB1000C2E5AE /* Info.plist */,
			);
			path = LefoodieTests;
			sourceTree = "<group>";
		};
		18160D011E14EB1000C2E5AE /* LefoodieUITests */ = {
			isa = PBXGroup;
			children = (
				18160D021E14EB1000C2E5AE /* LefoodieUITests.swift */,
				18160D041E14EB1000C2E5AE /* Info.plist */,
			);
			path = LefoodieUITests;
			sourceTree = "<group>";
		};
		1825CCA51E1B768500CD3C3B /* Camera */ = {
			isa = PBXGroup;
			children = (
				1825CCA61E1B769D00CD3C3B /* CXAlbumView.swift */,
				1825CCA71E1B769D00CD3C3B /* CXAlbumView.xib */,
				1825CCA81E1B769D00CD3C3B /* CXCameraSourceViewController.swift */,
				1825CCA91E1B769D00CD3C3B /* CXCameraSourceViewController.xib */,
				1825CCAA1E1B769D00CD3C3B /* CXAlbumCollectionViewCell.swift */,
				1825CCAB1E1B769D00CD3C3B /* CXAlbumCollectionViewCell.xib */,
				1825CCAC1E1B769D00CD3C3B /* CXCameraConstants.swift */,
				1825CCAD1E1B769D00CD3C3B /* CXCameraView.swift */,
				1825CCAE1E1B769D00CD3C3B /* CXCameraView.xib */,
				1825CCAF1E1B769D00CD3C3B /* CXMainScreenScrollViewCustomization.swift */,
			);
			name = Camera;
			sourceTree = "<group>";
		};
		183FBCC21E1A378D00A0A8CC /* TabBar */ = {
			isa = PBXGroup;
			children = (
				1825CCBA1E1B76DF00CD3C3B /* LFTabCameraViewController.swift */,
				183FBCC31E1A48A300A0A8CC /* LFTabHomeController.swift */,
				183FBCC51E1A597E00A0A8CC /* LFNotificationController.swift */,
			);
			name = TabBar;
			sourceTree = "<group>";
		};
		183FBCC91E1A83CE00A0A8CC /* Social */ = {
			isa = PBXGroup;
			children = (
				183FBCD21E1A88A100A0A8CC /* FBSDKCoreKit.framework */,
				183FBCD31E1A88A100A0A8CC /* FBSDKLoginKit.framework */,
				183FBCD41E1A88A100A0A8CC /* FBSDKShareKit.framework */,
				183FBCD01E1A843B00A0A8CC /* GoogleService-Info.plist */,
			);
			name = Social;
			sourceTree = "<group>";
		};
		1896A5C41E153F26008530A4 /* Model */ = {
			isa = PBXGroup;
			children = (
				18F1794F1E1CD452001EDF45 /* AppConfiguration */,
			);
			name = Model;
			sourceTree = "<group>";
		};
		1896A5C51E153F2B008530A4 /* View */ = {
			isa = PBXGroup;
			children = (
				1825CCA51E1B768500CD3C3B /* Camera */,
				127861D61E1A29AB00D64F16 /* Search */,
				127861C21E1A297A00D64F16 /* Home */,
			);
			name = View;
			sourceTree = "<group>";
		};
		1896A5C61E153F32008530A4 /* Controllers */ = {
			isa = PBXGroup;
			children = (
				18F1793E1E1CC2DB001EDF45 /* PostShareView */,
				1825CCD51E1BE94D00CD3C3B /* LFUserProfileViewController.swift */,
				1825CCD71E1BE97300CD3C3B /* LFFavouritesCollectionViewCell.swift */,
				1825CCD81E1BE97300CD3C3B /* LFFavouritesCollectionViewCell.xib */,
				1825CCD91E1BE97300CD3C3B /* LFFavouriteViewController.swift */,
				1825CCDA1E1BE97300CD3C3B /* LFPhotoCollectionViewCell.swift */,
				1825CCDB1E1BE97300CD3C3B /* LFPhotoCollectionViewCell.xib */,
				1825CCDC1E1BE97300CD3C3B /* LFPhotosViewController.swift */,
				12FCB7CE1E1E4A3700433645 /* LFSignUpViewController.swift */,
				12FCB7D01E1E540700433645 /* LFFoodDetailViewController.swift */,
				183FBCC21E1A378D00A0A8CC /* TabBar */,
				127861D71E1A29D600D64F16 /* Login */,
				127861CF1E1A299400D64F16 /* Search */,
				127861BF1E1A295700D64F16 /* Home */,
			);
			name = Controllers;
			sourceTree = "<group>";
		};
		1896A5C71E154650008530A4 /* Extensions */ = {
			isa = PBXGroup;
			children = (
				1896A5CA1E154A1C008530A4 /* String+StringOperation.swift */,
				1809BE471E16364E00888D34 /* UIColor+colors.swift */,
				1809BE491E163E6F00888D34 /* NSMutableArray+array.swift */,
				1835655E1E166D1500E7A531 /* NSDate+date.swift */,
				185FAF631E1E4D43009479A3 /* NavBarExtension.swift */,
			);
			name = Extensions;
			sourceTree = "<group>";
		};
		18F1793E1E1CC2DB001EDF45 /* PostShareView */ = {
			isa = PBXGroup;
			children = (
				18F1793F1E1CC305001EDF45 /* LFChooseLocationTableViewCell.swift */,
				18F179401E1CC305001EDF45 /* LFChooseLocationTableViewCell.xib */,
				18F179411E1CC305001EDF45 /* LFShareFoodiePicViewController.swift */,
				18F179421E1CC305001EDF45 /* LFSharePostTableViewCell.swift */,
				18F179431E1CC305001EDF45 /* LFSharePostTableViewCell.xib */,
				18F179441E1CC305001EDF45 /* LFSocialShareTableViewCell.swift */,
				18F179451E1CC305001EDF45 /* LFSocialShareTableViewCell.xib */,
			);
			name = PostShareView;
			sourceTree = "<group>";
		};
		18F1794F1E1CD452001EDF45 /* AppConfiguration */ = {
			isa = PBXGroup;
			children = (
				18F179501E1CD45F001EDF45 /* CXAppConfig.swift */,
				18F179511E1CD45F001EDF45 /* CXProjectConfiguration.plist */,
			);
			name = AppConfiguration;
			sourceTree = "<group>";
		};
		18F179541E1CDE6D001EDF45 /* Font */ = {
			isa = PBXGroup;
			children = (
				18F179551E1CDE80001EDF45 /* pacifico.regular.ttf */,
			);
			name = Font;
			sourceTree = "<group>";
		};
		1AF90FF33FE1F0D20ED29765 /* Frameworks */ = {
			isa = PBXGroup;
			children = (
				14A665E483A1285F4F8B2C0E /* Pods_Lefoodie.framework */,
				5BBF967781F69DF74A4D7ABD /* Pods_LefoodieTests.framework */,
				1FD9364D23EA69D99DA4EA8B /* Pods_LefoodieUITests.framework */,
			);
			name = Frameworks;
			sourceTree = "<group>";
		};
		F280C9F5E7FBF4249A5126EC /* Pods */ = {
			isa = PBXGroup;
			children = (
				D4898037BB40B65495C52B5A /* Pods-Lefoodie.debug.xcconfig */,
				419E6FA99BC0A310A978AAFC /* Pods-Lefoodie.release.xcconfig */,
				C82DD560931090B6D6967142 /* Pods-LefoodieTests.debug.xcconfig */,
				D5BA1014DDBE2C7B7D965FD0 /* Pods-LefoodieTests.release.xcconfig */,
				2393DEFDC034ED998D5344DB /* Pods-LefoodieUITests.debug.xcconfig */,
				DEB4A3827E1FED991ADC680B /* Pods-LefoodieUITests.release.xcconfig */,
			);
			name = Pods;
			sourceTree = "<group>";
		};
/* End PBXGroup section */

/* Begin PBXNativeTarget section */
		18160CDB1E14EB0F00C2E5AE /* Lefoodie */ = {
			isa = PBXNativeTarget;
			buildConfigurationList = 18160D071E14EB1000C2E5AE /* Build configuration list for PBXNativeTarget "Lefoodie" */;
			buildPhases = (
				665B1A3549794ED982BAF38E /* [CP] Check Pods Manifest.lock */,
				18160CD81E14EB0F00C2E5AE /* Sources */,
				18160CD91E14EB0F00C2E5AE /* Frameworks */,
				18160CDA1E14EB0F00C2E5AE /* Resources */,
				6DF165E46FE78D0712FFED7B /* [CP] Embed Pods Frameworks */,
				926C0A05005DFBCA5F053ABD /* [CP] Copy Pods Resources */,
			);
			buildRules = (
			);
			dependencies = (
			);
			name = Lefoodie;
			productName = Lefoodie;
			productReference = 18160CDC1E14EB0F00C2E5AE /* Lefoodie.app */;
			productType = "com.apple.product-type.application";
		};
		18160CF21E14EB1000C2E5AE /* LefoodieTests */ = {
			isa = PBXNativeTarget;
			buildConfigurationList = 18160D0A1E14EB1000C2E5AE /* Build configuration list for PBXNativeTarget "LefoodieTests" */;
			buildPhases = (
				BF33D7091121EED8CF9183E1 /* [CP] Check Pods Manifest.lock */,
				18160CEF1E14EB1000C2E5AE /* Sources */,
				18160CF01E14EB1000C2E5AE /* Frameworks */,
				18160CF11E14EB1000C2E5AE /* Resources */,
				98A9B7F6AD93B92458E36199 /* [CP] Embed Pods Frameworks */,
				707ED571377B1C508CE6A0C8 /* [CP] Copy Pods Resources */,
			);
			buildRules = (
			);
			dependencies = (
				18160CF51E14EB1000C2E5AE /* PBXTargetDependency */,
			);
			name = LefoodieTests;
			productName = LefoodieTests;
			productReference = 18160CF31E14EB1000C2E5AE /* LefoodieTests.xctest */;
			productType = "com.apple.product-type.bundle.unit-test";
		};
		18160CFD1E14EB1000C2E5AE /* LefoodieUITests */ = {
			isa = PBXNativeTarget;
			buildConfigurationList = 18160D0D1E14EB1000C2E5AE /* Build configuration list for PBXNativeTarget "LefoodieUITests" */;
			buildPhases = (
				29FA60AFEACA9F7A6123B427 /* [CP] Check Pods Manifest.lock */,
				18160CFA1E14EB1000C2E5AE /* Sources */,
				18160CFB1E14EB1000C2E5AE /* Frameworks */,
				18160CFC1E14EB1000C2E5AE /* Resources */,
				DE4C5AD05BBD5A582BE6D688 /* [CP] Embed Pods Frameworks */,
				ED5B6A694CE82DD4E82A7431 /* [CP] Copy Pods Resources */,
			);
			buildRules = (
			);
			dependencies = (
				18160D001E14EB1000C2E5AE /* PBXTargetDependency */,
			);
			name = LefoodieUITests;
			productName = LefoodieUITests;
			productReference = 18160CFE1E14EB1000C2E5AE /* LefoodieUITests.xctest */;
			productType = "com.apple.product-type.bundle.ui-testing";
		};
/* End PBXNativeTarget section */

/* Begin PBXProject section */
		18160CD41E14EB0F00C2E5AE /* Project object */ = {
			isa = PBXProject;
			attributes = {
				CLASSPREFIX = LF;
				LastSwiftUpdateCheck = 0810;
				LastUpgradeCheck = 0810;
				ORGANIZATIONNAME = ongo;
				TargetAttributes = {
					18160CDB1E14EB0F00C2E5AE = {
						CreatedOnToolsVersion = 8.1;
						DevelopmentTeam = 95Y7Y2H9V8;
						ProvisioningStyle = Automatic;
					};
					18160CF21E14EB1000C2E5AE = {
						CreatedOnToolsVersion = 8.1;
						ProvisioningStyle = Automatic;
						TestTargetID = 18160CDB1E14EB0F00C2E5AE;
					};
					18160CFD1E14EB1000C2E5AE = {
						CreatedOnToolsVersion = 8.1;
						ProvisioningStyle = Automatic;
						TestTargetID = 18160CDB1E14EB0F00C2E5AE;
					};
				};
			};
			buildConfigurationList = 18160CD71E14EB0F00C2E5AE /* Build configuration list for PBXProject "Lefoodie" */;
			compatibilityVersion = "Xcode 3.2";
			developmentRegion = English;
			hasScannedForEncodings = 0;
			knownRegions = (
				en,
				Base,
			);
			mainGroup = 18160CD31E14EB0F00C2E5AE;
			productRefGroup = 18160CDD1E14EB0F00C2E5AE /* Products */;
			projectDirPath = "";
			projectRoot = "";
			targets = (
				18160CDB1E14EB0F00C2E5AE /* Lefoodie */,
				18160CF21E14EB1000C2E5AE /* LefoodieTests */,
				18160CFD1E14EB1000C2E5AE /* LefoodieUITests */,
			);
		};
/* End PBXProject section */

/* Begin PBXResourcesBuildPhase section */
		18160CDA1E14EB0F00C2E5AE /* Resources */ = {
			isa = PBXResourcesBuildPhase;
			buildActionMask = 2147483647;
			files = (
				18F179561E1CDE9C001EDF45 /* pacifico.regular.ttf in Resources */,
				1825CCB31E1B769D00CD3C3B /* CXCameraSourceViewController.xib in Resources */,
				18F1794E1E1CC31B001EDF45 /* PhotoShare.storyboard in Resources */,
				1825CCB11E1B769D00CD3C3B /* CXAlbumView.xib in Resources */,
				127861CA1E1A298900D64F16 /* LFHeaderTableViewCell.xib in Resources */,
				183FBCD11E1A843C00A0A8CC /* GoogleService-Info.plist in Resources */,
				18160CED1E14EB0F00C2E5AE /* LaunchScreen.storyboard in Resources */,
				18160CEA1E14EB0F00C2E5AE /* Assets.xcassets in Resources */,
				18F179471E1CC305001EDF45 /* LFChooseLocationTableViewCell.xib in Resources */,
				18F179531E1CD45F001EDF45 /* CXProjectConfiguration.plist in Resources */,
				127861CE1E1A298900D64F16 /* LFHomeFooterTableViewCell.xib in Resources */,
				1825CCE11E1BE97300CD3C3B /* LFPhotoCollectionViewCell.xib in Resources */,
				18160CE51E14EB0F00C2E5AE /* Main.storyboard in Resources */,
				1825CCB81E1B769D00CD3C3B /* CXCameraView.xib in Resources */,
				18F1794A1E1CC305001EDF45 /* LFSharePostTableViewCell.xib in Resources */,
				18F1794C1E1CC305001EDF45 /* LFSocialShareTableViewCell.xib in Resources */,
				127861D51E1A29A900D64F16 /* LFFoodItemsListTableViewCell.xib in Resources */,
				1825CCDE1E1BE97300CD3C3B /* LFFavouritesCollectionViewCell.xib in Resources */,
				1825CCB51E1B769D00CD3C3B /* CXAlbumCollectionViewCell.xib in Resources */,
				127861CC1E1A298900D64F16 /* LFHomeCenterTableViewCell.xib in Resources */,
			);
			runOnlyForDeploymentPostprocessing = 0;
		};
		18160CF11E14EB1000C2E5AE /* Resources */ = {
			isa = PBXResourcesBuildPhase;
			buildActionMask = 2147483647;
			files = (
			);
			runOnlyForDeploymentPostprocessing = 0;
		};
		18160CFC1E14EB1000C2E5AE /* Resources */ = {
			isa = PBXResourcesBuildPhase;
			buildActionMask = 2147483647;
			files = (
			);
			runOnlyForDeploymentPostprocessing = 0;
		};
/* End PBXResourcesBuildPhase section */

/* Begin PBXShellScriptBuildPhase section */
		29FA60AFEACA9F7A6123B427 /* [CP] Check Pods Manifest.lock */ = {
			isa = PBXShellScriptBuildPhase;
			buildActionMask = 2147483647;
			files = (
			);
			inputPaths = (
			);
			name = "[CP] Check Pods Manifest.lock";
			outputPaths = (
			);
			runOnlyForDeploymentPostprocessing = 0;
			shellPath = /bin/sh;
			shellScript = "diff \"${PODS_ROOT}/../Podfile.lock\" \"${PODS_ROOT}/Manifest.lock\" > /dev/null\nif [ $? != 0 ] ; then\n    # print error to STDERR\n    echo \"error: The sandbox is not in sync with the Podfile.lock. Run 'pod install' or update your CocoaPods installation.\" >&2\n    exit 1\nfi\n";
			showEnvVarsInLog = 0;
		};
		665B1A3549794ED982BAF38E /* [CP] Check Pods Manifest.lock */ = {
			isa = PBXShellScriptBuildPhase;
			buildActionMask = 2147483647;
			files = (
			);
			inputPaths = (
			);
			name = "[CP] Check Pods Manifest.lock";
			outputPaths = (
			);
			runOnlyForDeploymentPostprocessing = 0;
			shellPath = /bin/sh;
			shellScript = "diff \"${PODS_ROOT}/../Podfile.lock\" \"${PODS_ROOT}/Manifest.lock\" > /dev/null\nif [ $? != 0 ] ; then\n    # print error to STDERR\n    echo \"error: The sandbox is not in sync with the Podfile.lock. Run 'pod install' or update your CocoaPods installation.\" >&2\n    exit 1\nfi\n";
			showEnvVarsInLog = 0;
		};
		6DF165E46FE78D0712FFED7B /* [CP] Embed Pods Frameworks */ = {
			isa = PBXShellScriptBuildPhase;
			buildActionMask = 2147483647;
			files = (
			);
			inputPaths = (
			);
			name = "[CP] Embed Pods Frameworks";
			outputPaths = (
			);
			runOnlyForDeploymentPostprocessing = 0;
			shellPath = /bin/sh;
			shellScript = "\"${SRCROOT}/Pods/Target Support Files/Pods-Lefoodie/Pods-Lefoodie-frameworks.sh\"\n";
			showEnvVarsInLog = 0;
		};
		707ED571377B1C508CE6A0C8 /* [CP] Copy Pods Resources */ = {
			isa = PBXShellScriptBuildPhase;
			buildActionMask = 2147483647;
			files = (
			);
			inputPaths = (
			);
			name = "[CP] Copy Pods Resources";
			outputPaths = (
			);
			runOnlyForDeploymentPostprocessing = 0;
			shellPath = /bin/sh;
			shellScript = "\"${SRCROOT}/Pods/Target Support Files/Pods-LefoodieTests/Pods-LefoodieTests-resources.sh\"\n";
			showEnvVarsInLog = 0;
		};
		926C0A05005DFBCA5F053ABD /* [CP] Copy Pods Resources */ = {
			isa = PBXShellScriptBuildPhase;
			buildActionMask = 2147483647;
			files = (
			);
			inputPaths = (
			);
			name = "[CP] Copy Pods Resources";
			outputPaths = (
			);
			runOnlyForDeploymentPostprocessing = 0;
			shellPath = /bin/sh;
			shellScript = "\"${SRCROOT}/Pods/Target Support Files/Pods-Lefoodie/Pods-Lefoodie-resources.sh\"\n";
			showEnvVarsInLog = 0;
		};
		98A9B7F6AD93B92458E36199 /* [CP] Embed Pods Frameworks */ = {
			isa = PBXShellScriptBuildPhase;
			buildActionMask = 2147483647;
			files = (
			);
			inputPaths = (
			);
			name = "[CP] Embed Pods Frameworks";
			outputPaths = (
			);
			runOnlyForDeploymentPostprocessing = 0;
			shellPath = /bin/sh;
			shellScript = "\"${SRCROOT}/Pods/Target Support Files/Pods-LefoodieTests/Pods-LefoodieTests-frameworks.sh\"\n";
			showEnvVarsInLog = 0;
		};
		BF33D7091121EED8CF9183E1 /* [CP] Check Pods Manifest.lock */ = {
			isa = PBXShellScriptBuildPhase;
			buildActionMask = 2147483647;
			files = (
			);
			inputPaths = (
			);
			name = "[CP] Check Pods Manifest.lock";
			outputPaths = (
			);
			runOnlyForDeploymentPostprocessing = 0;
			shellPath = /bin/sh;
			shellScript = "diff \"${PODS_ROOT}/../Podfile.lock\" \"${PODS_ROOT}/Manifest.lock\" > /dev/null\nif [ $? != 0 ] ; then\n    # print error to STDERR\n    echo \"error: The sandbox is not in sync with the Podfile.lock. Run 'pod install' or update your CocoaPods installation.\" >&2\n    exit 1\nfi\n";
			showEnvVarsInLog = 0;
		};
		DE4C5AD05BBD5A582BE6D688 /* [CP] Embed Pods Frameworks */ = {
			isa = PBXShellScriptBuildPhase;
			buildActionMask = 2147483647;
			files = (
			);
			inputPaths = (
			);
			name = "[CP] Embed Pods Frameworks";
			outputPaths = (
			);
			runOnlyForDeploymentPostprocessing = 0;
			shellPath = /bin/sh;
			shellScript = "\"${SRCROOT}/Pods/Target Support Files/Pods-LefoodieUITests/Pods-LefoodieUITests-frameworks.sh\"\n";
			showEnvVarsInLog = 0;
		};
		ED5B6A694CE82DD4E82A7431 /* [CP] Copy Pods Resources */ = {
			isa = PBXShellScriptBuildPhase;
			buildActionMask = 2147483647;
			files = (
			);
			inputPaths = (
			);
			name = "[CP] Copy Pods Resources";
			outputPaths = (
			);
			runOnlyForDeploymentPostprocessing = 0;
			shellPath = /bin/sh;
			shellScript = "\"${SRCROOT}/Pods/Target Support Files/Pods-LefoodieUITests/Pods-LefoodieUITests-resources.sh\"\n";
			showEnvVarsInLog = 0;
		};
/* End PBXShellScriptBuildPhase section */

/* Begin PBXSourcesBuildPhase section */
		18160CD81E14EB0F00C2E5AE /* Sources */ = {
			isa = PBXSourcesBuildPhase;
			buildActionMask = 2147483647;
			files = (
				18F179481E1CC305001EDF45 /* LFShareFoodiePicViewController.swift in Sources */,
				1825CCB71E1B769D00CD3C3B /* CXCameraView.swift in Sources */,
				12FCB7D11E1E540700433645 /* LFFoodDetailViewController.swift in Sources */,
				127861D91E1A29E400D64F16 /* LoginViewController.swift in Sources */,
				127861C91E1A298900D64F16 /* LFHeaderTableViewCell.swift in Sources */,
				1825CCBB1E1B76DF00CD3C3B /* LFTabCameraViewController.swift in Sources */,
				127861CB1E1A298900D64F16 /* LFHomeCenterTableViewCell.swift in Sources */,
				18F179521E1CD45F001EDF45 /* CXAppConfig.swift in Sources */,
				1825CCE21E1BE97300CD3C3B /* LFPhotosViewController.swift in Sources */,
				1825CCB61E1B769D00CD3C3B /* CXCameraConstants.swift in Sources */,
				1825CCDF1E1BE97300CD3C3B /* LFFavouriteViewController.swift in Sources */,
				12FCB7CF1E1E4A3700433645 /* LFSignUpViewController.swift in Sources */,
				18160CE21E14EB0F00C2E5AE /* ViewController.swift in Sources */,
				185FAF641E1E4D43009479A3 /* NavBarExtension.swift in Sources */,
				127861DE1E1A2A0200D64F16 /* CXButton.swift in Sources */,
				18F1794B1E1CC305001EDF45 /* LFSocialShareTableViewCell.swift in Sources */,
				1809BE4A1E163E6F00888D34 /* NSMutableArray+array.swift in Sources */,
				1825CCE01E1BE97300CD3C3B /* LFPhotoCollectionViewCell.swift in Sources */,
				127861E01E1A2A0200D64F16 /* CXTextField.swift in Sources */,
				1896A5CB1E154A1C008530A4 /* String+StringOperation.swift in Sources */,
				187039B31E1D399400D6668B /* LFSearchPlacesViewController.swift in Sources */,
				1825CCD61E1BE94D00CD3C3B /* LFUserProfileViewController.swift in Sources */,
				187039B91E1D39A300D6668B /* LFFoodiesTableViewCell.swift in Sources */,
				183FBCC41E1A48A300A0A8CC /* LFTabHomeController.swift in Sources */,
				1825CCB91E1B769D00CD3C3B /* CXMainScreenScrollViewCustomization.swift in Sources */,
				1825CCE41E1BE98B00CD3C3B /* CAPSPageMenu.swift in Sources */,
				127861D41E1A29A900D64F16 /* LFFoodItemsListTableViewCell.swift in Sources */,
				183FBCC61E1A597E00A0A8CC /* LFNotificationController.swift in Sources */,
				1835655F1E166D1500E7A531 /* NSDate+date.swift in Sources */,
				1825CCB41E1B769D00CD3C3B /* CXAlbumCollectionViewCell.swift in Sources */,
				187039B51E1D399900D6668B /* LFNearByCollectionViewCell.swift in Sources */,
				18F179491E1CC305001EDF45 /* LFSharePostTableViewCell.swift in Sources */,
				127861CD1E1A298900D64F16 /* LFHomeFooterTableViewCell.swift in Sources */,
				1825CCB21E1B769D00CD3C3B /* CXCameraSourceViewController.swift in Sources */,
				18160CE01E14EB0F00C2E5AE /* AppDelegate.swift in Sources */,
				1825CCB01E1B769D00CD3C3B /* CXAlbumView.swift in Sources */,
				1809BE481E16364E00888D34 /* UIColor+colors.swift in Sources */,
				18F179461E1CC305001EDF45 /* LFChooseLocationTableViewCell.swift in Sources */,
				183FBCC11E1A2F9500A0A8CC /* CXImageView.swift in Sources */,
				18160CE81E14EB0F00C2E5AE /* Lefoodie.xcdatamodeld in Sources */,
				187039B11E1D398D00D6668B /* LFSearchViewController.swift in Sources */,
				127861DF1E1A2A0200D64F16 /* CXView.swift in Sources */,
				187039B71E1D399F00D6668B /* LFFoodieViewController.swift in Sources */,
				1825CCDD1E1BE97300CD3C3B /* LFFavouritesCollectionViewCell.swift in Sources */,
				187039BB1E1D39A700D6668B /* LFMapInstance.swift in Sources */,
				127861C11E1A297300D64F16 /* LFHomeViewController.swift in Sources */,
			);
			runOnlyForDeploymentPostprocessing = 0;
		};
		18160CEF1E14EB1000C2E5AE /* Sources */ = {
			isa = PBXSourcesBuildPhase;
			buildActionMask = 2147483647;
			files = (
				18160CF81E14EB1000C2E5AE /* LefoodieTests.swift in Sources */,
			);
			runOnlyForDeploymentPostprocessing = 0;
		};
		18160CFA1E14EB1000C2E5AE /* Sources */ = {
			isa = PBXSourcesBuildPhase;
			buildActionMask = 2147483647;
			files = (
				18160D031E14EB1000C2E5AE /* LefoodieUITests.swift in Sources */,
			);
			runOnlyForDeploymentPostprocessing = 0;
		};
/* End PBXSourcesBuildPhase section */

/* Begin PBXTargetDependency section */
		18160CF51E14EB1000C2E5AE /* PBXTargetDependency */ = {
			isa = PBXTargetDependency;
			target = 18160CDB1E14EB0F00C2E5AE /* Lefoodie */;
			targetProxy = 18160CF41E14EB1000C2E5AE /* PBXContainerItemProxy */;
		};
		18160D001E14EB1000C2E5AE /* PBXTargetDependency */ = {
			isa = PBXTargetDependency;
			target = 18160CDB1E14EB0F00C2E5AE /* Lefoodie */;
			targetProxy = 18160CFF1E14EB1000C2E5AE /* PBXContainerItemProxy */;
		};
/* End PBXTargetDependency section */

/* Begin PBXVariantGroup section */
		18160CE31E14EB0F00C2E5AE /* Main.storyboard */ = {
			isa = PBXVariantGroup;
			children = (
				18160CE41E14EB0F00C2E5AE /* Base */,
			);
			name = Main.storyboard;
			sourceTree = "<group>";
		};
		18160CEB1E14EB0F00C2E5AE /* LaunchScreen.storyboard */ = {
			isa = PBXVariantGroup;
			children = (
				18160CEC1E14EB0F00C2E5AE /* Base */,
			);
			name = LaunchScreen.storyboard;
			sourceTree = "<group>";
		};
/* End PBXVariantGroup section */

/* Begin XCBuildConfiguration section */
		18160D051E14EB1000C2E5AE /* Debug */ = {
			isa = XCBuildConfiguration;
			buildSettings = {
				ALWAYS_SEARCH_USER_PATHS = NO;
				CLANG_ANALYZER_NONNULL = YES;
				CLANG_CXX_LANGUAGE_STANDARD = "gnu++0x";
				CLANG_CXX_LIBRARY = "libc++";
				CLANG_ENABLE_MODULES = YES;
				CLANG_ENABLE_OBJC_ARC = YES;
				CLANG_WARN_BOOL_CONVERSION = YES;
				CLANG_WARN_CONSTANT_CONVERSION = YES;
				CLANG_WARN_DIRECT_OBJC_ISA_USAGE = YES_ERROR;
				CLANG_WARN_DOCUMENTATION_COMMENTS = YES;
				CLANG_WARN_EMPTY_BODY = YES;
				CLANG_WARN_ENUM_CONVERSION = YES;
				CLANG_WARN_INFINITE_RECURSION = YES;
				CLANG_WARN_INT_CONVERSION = YES;
				CLANG_WARN_OBJC_ROOT_CLASS = YES_ERROR;
				CLANG_WARN_SUSPICIOUS_MOVES = YES;
				CLANG_WARN_UNREACHABLE_CODE = YES;
				CLANG_WARN__DUPLICATE_METHOD_MATCH = YES;
				"CODE_SIGN_IDENTITY[sdk=iphoneos*]" = "iPhone Developer";
				COPY_PHASE_STRIP = NO;
				DEBUG_INFORMATION_FORMAT = dwarf;
				ENABLE_STRICT_OBJC_MSGSEND = YES;
				ENABLE_TESTABILITY = YES;
				GCC_C_LANGUAGE_STANDARD = gnu99;
				GCC_DYNAMIC_NO_PIC = NO;
				GCC_NO_COMMON_BLOCKS = YES;
				GCC_OPTIMIZATION_LEVEL = 0;
				GCC_PREPROCESSOR_DEFINITIONS = (
					"DEBUG=1",
					"$(inherited)",
				);
				GCC_WARN_64_TO_32_BIT_CONVERSION = YES;
				GCC_WARN_ABOUT_RETURN_TYPE = YES_ERROR;
				GCC_WARN_UNDECLARED_SELECTOR = YES;
				GCC_WARN_UNINITIALIZED_AUTOS = YES_AGGRESSIVE;
				GCC_WARN_UNUSED_FUNCTION = YES;
				GCC_WARN_UNUSED_VARIABLE = YES;
				IPHONEOS_DEPLOYMENT_TARGET = 10.1;
				MTL_ENABLE_DEBUG_INFO = YES;
				ONLY_ACTIVE_ARCH = YES;
				SDKROOT = iphoneos;
				SWIFT_ACTIVE_COMPILATION_CONDITIONS = DEBUG;
				SWIFT_OPTIMIZATION_LEVEL = "-Onone";
			};
			name = Debug;
		};
		18160D061E14EB1000C2E5AE /* Release */ = {
			isa = XCBuildConfiguration;
			buildSettings = {
				ALWAYS_SEARCH_USER_PATHS = NO;
				CLANG_ANALYZER_NONNULL = YES;
				CLANG_CXX_LANGUAGE_STANDARD = "gnu++0x";
				CLANG_CXX_LIBRARY = "libc++";
				CLANG_ENABLE_MODULES = YES;
				CLANG_ENABLE_OBJC_ARC = YES;
				CLANG_WARN_BOOL_CONVERSION = YES;
				CLANG_WARN_CONSTANT_CONVERSION = YES;
				CLANG_WARN_DIRECT_OBJC_ISA_USAGE = YES_ERROR;
				CLANG_WARN_DOCUMENTATION_COMMENTS = YES;
				CLANG_WARN_EMPTY_BODY = YES;
				CLANG_WARN_ENUM_CONVERSION = YES;
				CLANG_WARN_INFINITE_RECURSION = YES;
				CLANG_WARN_INT_CONVERSION = YES;
				CLANG_WARN_OBJC_ROOT_CLASS = YES_ERROR;
				CLANG_WARN_SUSPICIOUS_MOVES = YES;
				CLANG_WARN_UNREACHABLE_CODE = YES;
				CLANG_WARN__DUPLICATE_METHOD_MATCH = YES;
				"CODE_SIGN_IDENTITY[sdk=iphoneos*]" = "iPhone Developer";
				COPY_PHASE_STRIP = NO;
				DEBUG_INFORMATION_FORMAT = "dwarf-with-dsym";
				ENABLE_NS_ASSERTIONS = NO;
				ENABLE_STRICT_OBJC_MSGSEND = YES;
				GCC_C_LANGUAGE_STANDARD = gnu99;
				GCC_NO_COMMON_BLOCKS = YES;
				GCC_WARN_64_TO_32_BIT_CONVERSION = YES;
				GCC_WARN_ABOUT_RETURN_TYPE = YES_ERROR;
				GCC_WARN_UNDECLARED_SELECTOR = YES;
				GCC_WARN_UNINITIALIZED_AUTOS = YES_AGGRESSIVE;
				GCC_WARN_UNUSED_FUNCTION = YES;
				GCC_WARN_UNUSED_VARIABLE = YES;
				IPHONEOS_DEPLOYMENT_TARGET = 10.1;
				MTL_ENABLE_DEBUG_INFO = NO;
				SDKROOT = iphoneos;
				SWIFT_OPTIMIZATION_LEVEL = "-Owholemodule";
				VALIDATE_PRODUCT = YES;
			};
			name = Release;
		};
		18160D081E14EB1000C2E5AE /* Debug */ = {
			isa = XCBuildConfiguration;
			baseConfigurationReference = D4898037BB40B65495C52B5A /* Pods-Lefoodie.debug.xcconfig */;
			buildSettings = {
				ASSETCATALOG_COMPILER_APPICON_NAME = AppIcon;
				ASSETCATALOG_COMPILER_LAUNCHIMAGE_NAME = "LaunchImage-2";
				DEVELOPMENT_TEAM = 95Y7Y2H9V8;
				FRAMEWORK_SEARCH_PATHS = (
					"$(inherited)",
					"$(PROJECT_DIR)/Lefoodie",
				);
				INFOPLIST_FILE = Lefoodie/Info.plist;
				IPHONEOS_DEPLOYMENT_TARGET = 10.0;
				LD_RUNPATH_SEARCH_PATHS = "$(inherited) @executable_path/Frameworks";
				PRODUCT_BUNDLE_IDENTIFIER = com.ongo.Lefoodie;
				PRODUCT_NAME = "$(TARGET_NAME)";
				SWIFT_VERSION = 3.0;
			};
			name = Debug;
		};
		18160D091E14EB1000C2E5AE /* Release */ = {
			isa = XCBuildConfiguration;
			baseConfigurationReference = 419E6FA99BC0A310A978AAFC /* Pods-Lefoodie.release.xcconfig */;
			buildSettings = {
				ASSETCATALOG_COMPILER_APPICON_NAME = AppIcon;
				ASSETCATALOG_COMPILER_LAUNCHIMAGE_NAME = "LaunchImage-2";
				DEVELOPMENT_TEAM = 95Y7Y2H9V8;
				FRAMEWORK_SEARCH_PATHS = (
					"$(inherited)",
					"$(PROJECT_DIR)/Lefoodie",
				);
				INFOPLIST_FILE = Lefoodie/Info.plist;
				IPHONEOS_DEPLOYMENT_TARGET = 10.0;
				LD_RUNPATH_SEARCH_PATHS = "$(inherited) @executable_path/Frameworks";
				PRODUCT_BUNDLE_IDENTIFIER = com.ongo.Lefoodie;
				PRODUCT_NAME = "$(TARGET_NAME)";
				SWIFT_VERSION = 3.0;
			};
			name = Release;
		};
		18160D0B1E14EB1000C2E5AE /* Debug */ = {
			isa = XCBuildConfiguration;
			baseConfigurationReference = C82DD560931090B6D6967142 /* Pods-LefoodieTests.debug.xcconfig */;
			buildSettings = {
				ALWAYS_EMBED_SWIFT_STANDARD_LIBRARIES = YES;
				BUNDLE_LOADER = "$(TEST_HOST)";
				INFOPLIST_FILE = LefoodieTests/Info.plist;
				LD_RUNPATH_SEARCH_PATHS = "$(inherited) @executable_path/Frameworks @loader_path/Frameworks";
				PRODUCT_BUNDLE_IDENTIFIER = com.ongo.LefoodieTests;
				PRODUCT_NAME = "$(TARGET_NAME)";
				SWIFT_VERSION = 3.0;
				TEST_HOST = "$(BUILT_PRODUCTS_DIR)/Lefoodie.app/Lefoodie";
			};
			name = Debug;
		};
		18160D0C1E14EB1000C2E5AE /* Release */ = {
			isa = XCBuildConfiguration;
			baseConfigurationReference = D5BA1014DDBE2C7B7D965FD0 /* Pods-LefoodieTests.release.xcconfig */;
			buildSettings = {
				ALWAYS_EMBED_SWIFT_STANDARD_LIBRARIES = YES;
				BUNDLE_LOADER = "$(TEST_HOST)";
				INFOPLIST_FILE = LefoodieTests/Info.plist;
				LD_RUNPATH_SEARCH_PATHS = "$(inherited) @executable_path/Frameworks @loader_path/Frameworks";
				PRODUCT_BUNDLE_IDENTIFIER = com.ongo.LefoodieTests;
				PRODUCT_NAME = "$(TARGET_NAME)";
				SWIFT_VERSION = 3.0;
				TEST_HOST = "$(BUILT_PRODUCTS_DIR)/Lefoodie.app/Lefoodie";
			};
			name = Release;
		};
		18160D0E1E14EB1000C2E5AE /* Debug */ = {
			isa = XCBuildConfiguration;
			baseConfigurationReference = 2393DEFDC034ED998D5344DB /* Pods-LefoodieUITests.debug.xcconfig */;
			buildSettings = {
				ALWAYS_EMBED_SWIFT_STANDARD_LIBRARIES = YES;
				INFOPLIST_FILE = LefoodieUITests/Info.plist;
				LD_RUNPATH_SEARCH_PATHS = "$(inherited) @executable_path/Frameworks @loader_path/Frameworks";
				PRODUCT_BUNDLE_IDENTIFIER = com.ongo.LefoodieUITests;
				PRODUCT_NAME = "$(TARGET_NAME)";
				SWIFT_VERSION = 3.0;
				TEST_TARGET_NAME = Lefoodie;
			};
			name = Debug;
		};
		18160D0F1E14EB1000C2E5AE /* Release */ = {
			isa = XCBuildConfiguration;
			baseConfigurationReference = DEB4A3827E1FED991ADC680B /* Pods-LefoodieUITests.release.xcconfig */;
			buildSettings = {
				ALWAYS_EMBED_SWIFT_STANDARD_LIBRARIES = YES;
				INFOPLIST_FILE = LefoodieUITests/Info.plist;
				LD_RUNPATH_SEARCH_PATHS = "$(inherited) @executable_path/Frameworks @loader_path/Frameworks";
				PRODUCT_BUNDLE_IDENTIFIER = com.ongo.LefoodieUITests;
				PRODUCT_NAME = "$(TARGET_NAME)";
				SWIFT_VERSION = 3.0;
				TEST_TARGET_NAME = Lefoodie;
			};
			name = Release;
		};
/* End XCBuildConfiguration section */

/* Begin XCConfigurationList section */
		18160CD71E14EB0F00C2E5AE /* Build configuration list for PBXProject "Lefoodie" */ = {
			isa = XCConfigurationList;
			buildConfigurations = (
				18160D051E14EB1000C2E5AE /* Debug */,
				18160D061E14EB1000C2E5AE /* Release */,
			);
			defaultConfigurationIsVisible = 0;
			defaultConfigurationName = Release;
		};
		18160D071E14EB1000C2E5AE /* Build configuration list for PBXNativeTarget "Lefoodie" */ = {
			isa = XCConfigurationList;
			buildConfigurations = (
				18160D081E14EB1000C2E5AE /* Debug */,
				18160D091E14EB1000C2E5AE /* Release */,
			);
			defaultConfigurationIsVisible = 0;
			defaultConfigurationName = Release;
		};
		18160D0A1E14EB1000C2E5AE /* Build configuration list for PBXNativeTarget "LefoodieTests" */ = {
			isa = XCConfigurationList;
			buildConfigurations = (
				18160D0B1E14EB1000C2E5AE /* Debug */,
				18160D0C1E14EB1000C2E5AE /* Release */,
			);
			defaultConfigurationIsVisible = 0;
			defaultConfigurationName = Release;
		};
		18160D0D1E14EB1000C2E5AE /* Build configuration list for PBXNativeTarget "LefoodieUITests" */ = {
			isa = XCConfigurationList;
			buildConfigurations = (
				18160D0E1E14EB1000C2E5AE /* Debug */,
				18160D0F1E14EB1000C2E5AE /* Release */,
			);
			defaultConfigurationIsVisible = 0;
			defaultConfigurationName = Release;
		};
/* End XCConfigurationList section */

/* Begin XCVersionGroup section */
		18160CE61E14EB0F00C2E5AE /* Lefoodie.xcdatamodeld */ = {
			isa = XCVersionGroup;
			children = (
				18160CE71E14EB0F00C2E5AE /* Lefoodie.xcdatamodel */,
			);
			currentVersion = 18160CE71E14EB0F00C2E5AE /* Lefoodie.xcdatamodel */;
			path = Lefoodie.xcdatamodeld;
			sourceTree = "<group>";
			versionGroupType = wrapper.xcdatamodel;
		};
/* End XCVersionGroup section */
	};
	rootObject = 18160CD41E14EB0F00C2E5AE /* Project object */;
}
